
Microsoft Visual Studio Solution File, Format Version 12.00
# Visual Studio 15
VisualStudioVersion = 15.0.28010.2041
MinimumVisualStudioVersion = 10.0.40219.1
Project("{FAE04EC0-301F-11D3-BF4B-00C04F79EFBC}") = "DemoService", "DemoService\DemoService.csproj", "{F21DD64E-C53C-47C8-9D1B-BD98F53E0ED6}"
EndProject
Global
	GlobalSection(SolutionConfigurationPlatforms) = preSolution
		Debug|Any CPU = Debug|Any CPU
		Release|Any CPU = Release|Any CPU
	EndGlobalSection
	GlobalSection(ProjectConfigurationPlatforms) = postSolution
		{F21DD64E-C53C-47C8-9D1B-BD98F53E0ED6}.Debug|Any CPU.ActiveCfg = Debug|Any CPU
		{F21DD64E-C53C-47C8-9D1B-BD98F53E0ED6}.Debug|Any CPU.Build.0 = Debug|Any CPU
		{F21DD64E-C53C-47C8-9D1B-BD98F53E0ED6}.Release|Any CPU.ActiveCfg = Release|Any CPU
		{F21DD64E-C53C-47C8-9D1B-BD98F53E0ED6}.Release|Any CPU.Build.0 = Release|Any CPU
	EndGlobalSection
	GlobalSection(SolutionProperties) = preSolution
		HideSolutionNode = FALSE
	EndGlobalSection
	GlobalSection(ExtensibilityGlobals) = postSolution
		SolutionGuid = {74BCDCA0-6887-4484-B080-84EEF75A76C7}
	EndGlobalSection
EndGlobal
